
Microsoft Visual Studio Solution File, Format Version 12.00
# Visual Studio Version 17
VisualStudioVersion = 17.12.35707.178
MinimumVisualStudioVersion = 10.0.40219.1
Project("{FAE04EC0-301F-11D3-BF4B-00C04F79EFBC}") = "task", "task\task.csproj", "{22B15E5A-40AA-43C2-95C2-88A4FA45BC0F}"
EndProject
Project("{FAE04EC0-301F-11D3-BF4B-00C04F79EFBC}") = "Domain", "Domain\Domain.csproj", "{14A541E2-217A-4896-A3B5-8F76256B9F1B}"
EndProject
Project("{FAE04EC0-301F-11D3-BF4B-00C04F79EFBC}") = "Persistence", "Persistence\Persistence.csproj", "{F5575E42-1B60-4859-9860-1F150CFCA22C}"
EndProject
Project("{FAE04EC0-301F-11D3-BF4B-00C04F79EFBC}") = "Core", "Core\Core.csproj", "{A8A0FDDC-9526-40BC-81E5-CD7B82E33372}"
EndProject
Global
	GlobalSection(SolutionConfigurationPlatforms) = preSolution
		Debug|Any CPU = Debug|Any CPU
		Release|Any CPU = Release|Any CPU
	EndGlobalSection
	GlobalSection(ProjectConfigurationPlatforms) = postSolution
		{22B15E5A-40AA-43C2-95C2-88A4FA45BC0F}.Debug|Any CPU.ActiveCfg = Debug|Any CPU
		{22B15E5A-40AA-43C2-95C2-88A4FA45BC0F}.Debug|Any CPU.Build.0 = Debug|Any CPU
		{22B15E5A-40AA-43C2-95C2-88A4FA45BC0F}.Release|Any CPU.ActiveCfg = Release|Any CPU
		{22B15E5A-40AA-43C2-95C2-88A4FA45BC0F}.Release|Any CPU.Build.0 = Release|Any CPU
		{14A541E2-217A-4896-A3B5-8F76256B9F1B}.Debug|Any CPU.ActiveCfg = Debug|Any CPU
		{14A541E2-217A-4896-A3B5-8F76256B9F1B}.Debug|Any CPU.Build.0 = Debug|Any CPU
		{14A541E2-217A-4896-A3B5-8F76256B9F1B}.Release|Any CPU.ActiveCfg = Release|Any CPU
		{14A541E2-217A-4896-A3B5-8F76256B9F1B}.Release|Any CPU.Build.0 = Release|Any CPU
		{F5575E42-1B60-4859-9860-1F150CFCA22C}.Debug|Any CPU.ActiveCfg = Debug|Any CPU
		{F5575E42-1B60-4859-9860-1F150CFCA22C}.Debug|Any CPU.Build.0 = Debug|Any CPU
		{F5575E42-1B60-4859-9860-1F150CFCA22C}.Release|Any CPU.ActiveCfg = Release|Any CPU
		{F5575E42-1B60-4859-9860-1F150CFCA22C}.Release|Any CPU.Build.0 = Release|Any CPU
		{A8A0FDDC-9526-40BC-81E5-CD7B82E33372}.Debug|Any CPU.ActiveCfg = Debug|Any CPU
		{A8A0FDDC-9526-40BC-81E5-CD7B82E33372}.Debug|Any CPU.Build.0 = Debug|Any CPU
		{A8A0FDDC-9526-40BC-81E5-CD7B82E33372}.Release|Any CPU.ActiveCfg = Release|Any CPU
		{A8A0FDDC-9526-40BC-81E5-CD7B82E33372}.Release|Any CPU.Build.0 = Release|Any CPU
	EndGlobalSection
	GlobalSection(SolutionProperties) = preSolution
		HideSolutionNode = FALSE
	EndGlobalSection
EndGlobal
